{
	"name": "@beyond-js/start-bundle",
	"version": "1.0.0",
	"lockfileVersion": 3,
	"requires": true,
	"packages": {
		"": {
			"name": "@beyond-js/start-bundle",
			"version": "1.0.0",
			"license": "ISC",
			"dependencies": {
				"@beyond-js/bundles-sdk": "^1.0.1",
				"@beyond-js/dynamic-processor": "^0.0.2"
			}
		},
		"node_modules/@beyond-js/bundles-sdk": {
			"version": "1.0.1",
			"resolved": "https://registry.npmjs.org/@beyond-js/bundles-sdk/-/bundles-sdk-1.0.1.tgz",
			"integrity": "sha512-+fYNDOQe4xCQGF3HX+liYHW96JnrKBzXnzd/X1hknlErbJxXx6fpdo5brc1ZB8Plz4A3/JGqgL27VzzZVMzv8A==",
			"dependencies": {
				"@beyond-js/code": "^0.0.1",
				"@beyond-js/crc32": "^0.0.1",
				"@beyond-js/equal": "^0.0.1",
				"@beyond-js/fs": "^0.0.1",
				"@beyond-js/ipc": "^0.0.2",
				"@beyond-js/md5": "^0.0.1"
			},
			"engines": {
				"node": ">=14.0.0"
			}
		},
		"node_modules/@beyond-js/code": {
			"version": "0.0.1",
			"resolved": "https://registry.npmjs.org/@beyond-js/code/-/code-0.0.1.tgz",
			"integrity": "sha512-KdaVPCBtPrmJHFHIpDx+bAw0eo8T0NaDKxPSoPtNx42KcL/yElbYcbhOOnECl9gvrAGyENlOVluCRbtSDJv31A=="
		},
		"node_modules/@beyond-js/crc32": {
			"version": "0.0.1",
			"resolved": "https://registry.npmjs.org/@beyond-js/crc32/-/crc32-0.0.1.tgz",
			"integrity": "sha512-tBk8q1VHJWyBUIlYTpY92lWB/BiHWhrlYJaK4x1gtuiAe/sqo95UcQb4YdLRvQzJFs/Lp1RMZIHzfuNUAHY9dg=="
		},
		"node_modules/@beyond-js/dynamic-processor": {
			"version": "0.0.2",
			"resolved": "https://registry.npmjs.org/@beyond-js/dynamic-processor/-/dynamic-processor-0.0.2.tgz",
			"integrity": "sha512-XuYtO5S1zm9sdRCIlfhuReBm8G4+eOY2A3dx//aAzbl2CE5QniwGvYt2v0Q3VjPgnWG1JvDBHUBIOHU39hXpog==",
			"dependencies": {
				"@beyond-js/pending-promise": "^0.0.1"
			}
		},
		"node_modules/@beyond-js/equal": {
			"version": "0.0.1",
			"resolved": "https://registry.npmjs.org/@beyond-js/equal/-/equal-0.0.1.tgz",
			"integrity": "sha512-gf8b0zoKvhHcDYKmAtVFY1uCJJBXvkIW3bbKwdEk8sjyiSUNSsncJlR0zR62Oif8SmeQI7oTSA/5tuhjstSR0Q=="
		},
		"node_modules/@beyond-js/fs": {
			"version": "0.0.1",
			"resolved": "https://registry.npmjs.org/@beyond-js/fs/-/fs-0.0.1.tgz",
			"integrity": "sha512-ktCTj7Z2IZMVW85oOI3ng6636b+CqqFyfCVyHRdECJY5r8rSFrqge7AUkYnDl5gXrifFSsFoQ9j76jIvCsbMXg=="
		},
		"node_modules/@beyond-js/ipc": {
			"version": "0.0.2",
			"resolved": "https://registry.npmjs.org/@beyond-js/ipc/-/ipc-0.0.2.tgz",
			"integrity": "sha512-JZq/Sr7NGHI3QoukonpVNDQlAmOluxi3+7jjeaClY8qjaXsdI+wHLBiEhj0LhleEvQATYOsoNCzgvcQX5wT5NQ=="
		},
		"node_modules/@beyond-js/md5": {
			"version": "0.0.1",
			"resolved": "https://registry.npmjs.org/@beyond-js/md5/-/md5-0.0.1.tgz",
			"integrity": "sha512-pW3l7xy9xxL9rC2fuojXTuzpWtijdpdwCmopn58YxgGcfAkmps0ZMYW+mQwkFbh5Y6ELXCLPXO/+scMqIE4JrQ=="
		},
		"node_modules/@beyond-js/pending-promise": {
			"version": "0.0.1",
			"resolved": "https://registry.npmjs.org/@beyond-js/pending-promise/-/pending-promise-0.0.1.tgz",
			"integrity": "sha512-n7W/yb0MzK08VqLcCqlICaFOka3+himX3Phnrm2JO2UbBHKAeaGZrnOb+XXjqBiGhZmo6+TpJlAt7g9X3QapSQ=="
		}
	}
}
